
Microsoft Visual Studio Solution File, Format Version 12.00
# Visual Studio Version 16
VisualStudioVersion = 16.0.31515.178
MinimumVisualStudioVersion = 10.0.40219.1
Project("{FAE04EC0-301F-11D3-BF4B-00C04F79EFBC}") = "Numerosimpares", "Numerosimpares\Numerosimpares.csproj", "{50A47A49-7846-4BF1-AA3C-5CC463292CE8}"
EndProject
Global
	GlobalSection(SolutionConfigurationPlatforms) = preSolution
		Debug|Any CPU = Debug|Any CPU
		Release|Any CPU = Release|Any CPU
	EndGlobalSection
	GlobalSection(ProjectConfigurationPlatforms) = postSolution
		{50A47A49-7846-4BF1-AA3C-5CC463292CE8}.Debug|Any CPU.ActiveCfg = Debug|Any CPU
		{50A47A49-7846-4BF1-AA3C-5CC463292CE8}.Debug|Any CPU.Build.0 = Debug|Any CPU
		{50A47A49-7846-4BF1-AA3C-5CC463292CE8}.Release|Any CPU.ActiveCfg = Release|Any CPU
		{50A47A49-7846-4BF1-AA3C-5CC463292CE8}.Release|Any CPU.Build.0 = Release|Any CPU
	EndGlobalSection
	GlobalSection(SolutionProperties) = preSolution
		HideSolutionNode = FALSE
	EndGlobalSection
	GlobalSection(ExtensibilityGlobals) = postSolution
		SolutionGuid = {D0640E88-F8E5-4370-9121-9F95CF734B11}
	EndGlobalSection
EndGlobal
