
Microsoft Visual Studio Solution File, Format Version 12.00
# Visual Studio Version 16
VisualStudioVersion = 16.0.31515.178
MinimumVisualStudioVersion = 10.0.40219.1
Project("{FAE04EC0-301F-11D3-BF4B-00C04F79EFBC}") = "PalabraPalindrome", "PalabraPalindrome\PalabraPalindrome.csproj", "{0409635D-A73F-4027-8B78-7DFC4097EE0E}"
EndProject
Global
	GlobalSection(SolutionConfigurationPlatforms) = preSolution
		Debug|Any CPU = Debug|Any CPU
		Release|Any CPU = Release|Any CPU
	EndGlobalSection
	GlobalSection(ProjectConfigurationPlatforms) = postSolution
		{0409635D-A73F-4027-8B78-7DFC4097EE0E}.Debug|Any CPU.ActiveCfg = Debug|Any CPU
		{0409635D-A73F-4027-8B78-7DFC4097EE0E}.Debug|Any CPU.Build.0 = Debug|Any CPU
		{0409635D-A73F-4027-8B78-7DFC4097EE0E}.Release|Any CPU.ActiveCfg = Release|Any CPU
		{0409635D-A73F-4027-8B78-7DFC4097EE0E}.Release|Any CPU.Build.0 = Release|Any CPU
	EndGlobalSection
	GlobalSection(SolutionProperties) = preSolution
		HideSolutionNode = FALSE
	EndGlobalSection
	GlobalSection(ExtensibilityGlobals) = postSolution
		SolutionGuid = {2425B8DD-51BD-4966-B27F-8DE322A10CFA}
	EndGlobalSection
EndGlobal
