
Microsoft Visual Studio Solution File, Format Version 12.00
# Visual Studio Version 16
VisualStudioVersion = 16.0.30804.86
MinimumVisualStudioVersion = 10.0.40219.1
Project("{FAE04EC0-301F-11D3-BF4B-00C04F79EFBC}") = "Secuencia", "Secuencia\Secuencia.csproj", "{C86165A6-BC7A-41F3-BEFC-927138D189B9}"
EndProject
Global
	GlobalSection(SolutionConfigurationPlatforms) = preSolution
		Debug|Any CPU = Debug|Any CPU
		Release|Any CPU = Release|Any CPU
	EndGlobalSection
	GlobalSection(ProjectConfigurationPlatforms) = postSolution
		{C86165A6-BC7A-41F3-BEFC-927138D189B9}.Debug|Any CPU.ActiveCfg = Debug|Any CPU
		{C86165A6-BC7A-41F3-BEFC-927138D189B9}.Debug|Any CPU.Build.0 = Debug|Any CPU
		{C86165A6-BC7A-41F3-BEFC-927138D189B9}.Release|Any CPU.ActiveCfg = Release|Any CPU
		{C86165A6-BC7A-41F3-BEFC-927138D189B9}.Release|Any CPU.Build.0 = Release|Any CPU
	EndGlobalSection
	GlobalSection(SolutionProperties) = preSolution
		HideSolutionNode = FALSE
	EndGlobalSection
	GlobalSection(ExtensibilityGlobals) = postSolution
		SolutionGuid = {FB3B450A-1638-4CDE-A34B-A31675BD55FD}
	EndGlobalSection
EndGlobal
