
Microsoft Visual Studio Solution File, Format Version 12.00
# Visual Studio Version 16
VisualStudioVersion = 16.0.31515.178
MinimumVisualStudioVersion = 10.0.40219.1
Project("{FAE04EC0-301F-11D3-BF4B-00C04F79EFBC}") = "Primos de la serie Fibonacci", "Primos de la serie Fibonacci\Primos de la serie Fibonacci.csproj", "{49F73900-D6BB-4635-8C0E-835B2F21DE26}"
EndProject
Global
	GlobalSection(SolutionConfigurationPlatforms) = preSolution
		Debug|Any CPU = Debug|Any CPU
		Release|Any CPU = Release|Any CPU
	EndGlobalSection
	GlobalSection(ProjectConfigurationPlatforms) = postSolution
		{49F73900-D6BB-4635-8C0E-835B2F21DE26}.Debug|Any CPU.ActiveCfg = Debug|Any CPU
		{49F73900-D6BB-4635-8C0E-835B2F21DE26}.Debug|Any CPU.Build.0 = Debug|Any CPU
		{49F73900-D6BB-4635-8C0E-835B2F21DE26}.Release|Any CPU.ActiveCfg = Release|Any CPU
		{49F73900-D6BB-4635-8C0E-835B2F21DE26}.Release|Any CPU.Build.0 = Release|Any CPU
	EndGlobalSection
	GlobalSection(SolutionProperties) = preSolution
		HideSolutionNode = FALSE
	EndGlobalSection
	GlobalSection(ExtensibilityGlobals) = postSolution
		SolutionGuid = {D5F8F547-A99D-439E-8338-5DC8F95CF896}
	EndGlobalSection
EndGlobal
