
Microsoft Visual Studio Solution File, Format Version 12.00
# Visual Studio Version 16
VisualStudioVersion = 16.0.30804.86
MinimumVisualStudioVersion = 10.0.40219.1
Project("{FAE04EC0-301F-11D3-BF4B-00C04F79EFBC}") = "NumerosPerfectos", "NumerosPerfectos\NumerosPerfectos.csproj", "{35E55A7E-F0D6-46EA-A2E3-BC300ADC016A}"
EndProject
Global
	GlobalSection(SolutionConfigurationPlatforms) = preSolution
		Debug|Any CPU = Debug|Any CPU
		Release|Any CPU = Release|Any CPU
	EndGlobalSection
	GlobalSection(ProjectConfigurationPlatforms) = postSolution
		{35E55A7E-F0D6-46EA-A2E3-BC300ADC016A}.Debug|Any CPU.ActiveCfg = Debug|Any CPU
		{35E55A7E-F0D6-46EA-A2E3-BC300ADC016A}.Debug|Any CPU.Build.0 = Debug|Any CPU
		{35E55A7E-F0D6-46EA-A2E3-BC300ADC016A}.Release|Any CPU.ActiveCfg = Release|Any CPU
		{35E55A7E-F0D6-46EA-A2E3-BC300ADC016A}.Release|Any CPU.Build.0 = Release|Any CPU
	EndGlobalSection
	GlobalSection(SolutionProperties) = preSolution
		HideSolutionNode = FALSE
	EndGlobalSection
	GlobalSection(ExtensibilityGlobals) = postSolution
		SolutionGuid = {943A8CF9-A326-4969-A5EF-88450797AA6F}
	EndGlobalSection
EndGlobal
